PODS:
  - InsightfulPager (0.1.0)
  - PureLayout (3.0.1)

DEPENDENCIES:
  - InsightfulPager (from `../../`)
  - PureLayout

SPEC REPOS:
  https://github.com/CocoaPods/Specs.git:
    - PureLayout

EXTERNAL SOURCES:
  InsightfulPager:
    :path: "../../"

SPEC CHECKSUMS:
  InsightfulPager: 190a4b71e895488051c052d2e956e8fbe1d4a631
  PureLayout: f35f5384c9c4e4479df041dbe33ad7577b71ddfb

PODFILE CHECKSUM: af27586fbc6bfb47d280c1001ff590954a83757c

COCOAPODS: 1.8.4
